
Microsoft Visual Studio Solution File, Format Version 12.00
# Visual Studio 2013
VisualStudioVersion = 12.0.30501.0
MinimumVisualStudioVersion = 10.0.40219.1
Project("{FAE04EC0-301F-11D3-BF4B-00C04F79EFBC}") = "GS.Model", "GS.Model\GS.Model.csproj", "{595962A7-D943-4232-B42F-8F85DCBEAC7A}"
EndProject
Project("{2150E333-8FDC-42A3-9474-1A3956D46DE8}") = "ApplicationConfiguration", "ApplicationConfiguration", "{82877E5D-ADB7-4EF2-B92C-961D9E1884B6}"
	ProjectSection(SolutionItems) = preProject
		Application.config = Application.config
		FxCop.targets = FxCop.targets
		FxCopConsoleOutput.xsl = FxCopConsoleOutput.xsl
		FxCopDictionary.xml = FxCopDictionary.xml
		Settings.FxCop = Settings.FxCop
		Settings.spruleset = Settings.spruleset
		Settings.StyleCop = Settings.StyleCop
		SharePointConfiguration.xml = SharePointConfiguration.xml
		SPDisposeChecker.targets = SPDisposeChecker.targets
		SPSF.targets = SPSF.targets
	EndProjectSection
EndProject
Project("{FAE04EC0-301F-11D3-BF4B-00C04F79EFBC}") = "Deployment", "Deployment\Deployment.csproj", "{30579276-7E1C-4AB0-86B9-381E66B404CB}"
	ProjectSection(ProjectDependencies) = postProject
		{A64DF917-281A-4709-961B-09C90A78210B} = {A64DF917-281A-4709-961B-09C90A78210B}
		{1D765A18-BBB0-474C-B79D-66436A24004C} = {1D765A18-BBB0-474C-B79D-66436A24004C}
		{BFD79618-1FED-4274-9991-721BC5DE3B57} = {BFD79618-1FED-4274-9991-721BC5DE3B57}
		{E953CB2A-C956-4435-B843-8EA3A331459B} = {E953CB2A-C956-4435-B843-8EA3A331459B}
		{3704EB69-1378-4818-B9EE-D022DE714D17} = {3704EB69-1378-4818-B9EE-D022DE714D17}
		{39E61C99-8C4C-4396-B559-55787B1A3523} = {39E61C99-8C4C-4396-B559-55787B1A3523}
		{8851EF99-EA6F-4359-848E-B14EACCFDE22} = {8851EF99-EA6F-4359-848E-B14EACCFDE22}
		{0165B7AC-34BA-4875-AD0B-CE67C803A057} = {0165B7AC-34BA-4875-AD0B-CE67C803A057}
		{360608AF-2CF4-4F09-9BA7-F762CCA53853} = {360608AF-2CF4-4F09-9BA7-F762CCA53853}
		{0CC46FD8-660C-41F6-B8B3-95F95F53FC91} = {0CC46FD8-660C-41F6-B8B3-95F95F53FC91}
		{A2995BEA-A82B-4553-9604-FDEAF6E9D41C} = {A2995BEA-A82B-4553-9604-FDEAF6E9D41C}
	EndProjectSection
EndProject
Project("{FAE04EC0-301F-11D3-BF4B-00C04F79EFBC}") = "GS.Receivers", "GS.Receivers\GS.Receivers.csproj", "{360608AF-2CF4-4F09-9BA7-F762CCA53853}"
EndProject
Project("{2150E333-8FDC-42A3-9474-1A3956D46DE8}") = "Key", "Key", "{B49DDDFF-2DE0-425C-B8BA-E01BE6DE9733}"
	ProjectSection(SolutionItems) = preProject
		key.snk = key.snk
	EndProjectSection
EndProject
Project("{FAE04EC0-301F-11D3-BF4B-00C04F79EFBC}") = "GS.Common", "GS.Common\GS.Common.csproj", "{E953CB2A-C956-4435-B843-8EA3A331459B}"
EndProject
Project("{FAE04EC0-301F-11D3-BF4B-00C04F79EFBC}") = "GS.Console", "GS.Console\GS.Console.csproj", "{BBBE995E-F2D5-459D-B1A6-676182AA0169}"
EndProject
Project("{FAE04EC0-301F-11D3-BF4B-00C04F79EFBC}") = "GS.Ig", "GS.Ig\GS.Ig.csproj", "{BFD79618-1FED-4274-9991-721BC5DE3B57}"
	ProjectSection(ProjectDependencies) = postProject
		{3B61E947-99E2-478F-A369-F70DD8834E47} = {3B61E947-99E2-478F-A369-F70DD8834E47}
	EndProjectSection
EndProject
Project("{FAE04EC0-301F-11D3-BF4B-00C04F79EFBC}") = "GS.Ig.Core", "GS.Ig.Core\GS.Ig.Core.csproj", "{3B61E947-99E2-478F-A369-F70DD8834E47}"
EndProject
Project("{2150E333-8FDC-42A3-9474-1A3956D46DE8}") = "Integration", "Integration", "{80D696EF-5198-49FB-810E-59FB097DECE7}"
EndProject
Project("{2150E333-8FDC-42A3-9474-1A3956D46DE8}") = "Modules", "Modules", "{4FC04C6C-B04A-4317-BD7A-6642DE344A35}"
EndProject
Project("{FAE04EC0-301F-11D3-BF4B-00C04F79EFBC}") = "GS.Ig.Module.Sivgk.v1", "GS.Ig.Module.Sivgk.v1\GS.Ig.Module.Sivgk.v1.csproj", "{3925F82C-A39E-4459-B2D1-33E9F8039AAA}"
EndProject
Project("{FAE04EC0-301F-11D3-BF4B-00C04F79EFBC}") = "GS.Ig.Sp.Module.Sivgk.v1", "GS.Ig.Sp.Module.Sivgk.v1\GS.Ig.Sp.Module.Sivgk.v1.csproj", "{D2F78448-C20B-4578-8FBC-334209CE3B08}"
EndProject
Project("{FAE04EC0-301F-11D3-BF4B-00C04F79EFBC}") = "GS.WebParts", "GS.WebParts\GS.WebParts.csproj", "{1D765A18-BBB0-474C-B79D-66436A24004C}"
EndProject
Project("{FAE04EC0-301F-11D3-BF4B-00C04F79EFBC}") = "GS.Land.ModelXml", "GS.Land.ModelXml\GS.Land.ModelXml.csproj", "{1A6F7709-F6E5-4911-9C69-437595EDF59D}"
EndProject
Project("{FAE04EC0-301F-11D3-BF4B-00C04F79EFBC}") = "GS.Zkh.ContentTypes", "GS.Zkh.ContentTypes\GS.Zkh.ContentTypes.csproj", "{C971877B-B9F5-4FF7-9502-8CD2043588BE}"
EndProject
Project("{FAE04EC0-301F-11D3-BF4B-00C04F79EFBC}") = "GradSovetPages", "GradSovetPages\GradSovetPages.csproj", "{A32F7D32-E1D1-4CB6-A03D-EB935F93E49A}"
EndProject
Project("{FAE04EC0-301F-11D3-BF4B-00C04F79EFBC}") = "GS.Land.Web", "GS.Land.Web\GS.Land.Web.csproj", "{0165B7AC-34BA-4875-AD0B-CE67C803A057}"
EndProject
Project("{FAE04EC0-301F-11D3-BF4B-00C04F79EFBC}") = "GS.Mvk.Jobs", "GS.Mvk.Jobs\GS.Mvk.Jobs.csproj", "{8851EF99-EA6F-4359-848E-B14EACCFDE22}"
EndProject
Project("{FAE04EC0-301F-11D3-BF4B-00C04F79EFBC}") = "GS.Land.Jobs", "GS.Land.Jobs\GS.Land.Jobs.csproj", "{39E61C99-8C4C-4396-B559-55787B1A3523}"
EndProject
Project("{FAE04EC0-301F-11D3-BF4B-00C04F79EFBC}") = "GS.Land.Receivers", "GS.Land.Receivers\GS.Land.Receivers.csproj", "{A2995BEA-A82B-4553-9604-FDEAF6E9D41C}"
EndProject
Project("{FAE04EC0-301F-11D3-BF4B-00C04F79EFBC}") = "GS.Zkh.Jobs", "GS.Zkh.Jobs\GS.Zkh.Jobs.csproj", "{A64DF917-281A-4709-961B-09C90A78210B}"
EndProject
Project("{FAE04EC0-301F-11D3-BF4B-00C04F79EFBC}") = "GS.Zkh.Receivers", "GS.Zkh.Receivers\GS.Zkh.Receivers.csproj", "{0CC46FD8-660C-41F6-B8B3-95F95F53FC91}"
EndProject
Project("{FAE04EC0-301F-11D3-BF4B-00C04F79EFBC}") = "GS.Zkh.Web", "GS.Zkh.Web\GS.Zkh.Web.csproj", "{3704EB69-1378-4818-B9EE-D022DE714D17}"
EndProject
Project("{FAE04EC0-301F-11D3-BF4B-00C04F79EFBC}") = "GS.Land.WebParts", "GS.Land.WebParts\GS.Land.WebParts.csproj", "{4C5D5FE6-1C40-4765-A32E-6DAA981E23C5}"
EndProject
Project("{FAE04EC0-301F-11D3-BF4B-00C04F79EFBC}") = "GS.Zkh.WebParts", "GS.Zkh.WebParts\GS.Zkh.WebParts.csproj", "{32181FAA-8C3F-4087-82F1-925F7695E2A0}"
EndProject
Global
	GlobalSection(SolutionConfigurationPlatforms) = preSolution
		Debug|Any CPU = Debug|Any CPU
		Release|Any CPU = Release|Any CPU
	EndGlobalSection
	GlobalSection(ProjectConfigurationPlatforms) = postSolution
		{595962A7-D943-4232-B42F-8F85DCBEAC7A}.Debug|Any CPU.ActiveCfg = Debug|Any CPU
		{595962A7-D943-4232-B42F-8F85DCBEAC7A}.Debug|Any CPU.Build.0 = Debug|Any CPU
		{595962A7-D943-4232-B42F-8F85DCBEAC7A}.Release|Any CPU.ActiveCfg = Release|Any CPU
		{595962A7-D943-4232-B42F-8F85DCBEAC7A}.Release|Any CPU.Build.0 = Release|Any CPU
		{30579276-7E1C-4AB0-86B9-381E66B404CB}.Debug|Any CPU.ActiveCfg = Debug|Any CPU
		{30579276-7E1C-4AB0-86B9-381E66B404CB}.Debug|Any CPU.Build.0 = Debug|Any CPU
		{30579276-7E1C-4AB0-86B9-381E66B404CB}.Release|Any CPU.ActiveCfg = Release|Any CPU
		{30579276-7E1C-4AB0-86B9-381E66B404CB}.Release|Any CPU.Build.0 = Release|Any CPU
		{360608AF-2CF4-4F09-9BA7-F762CCA53853}.Debug|Any CPU.ActiveCfg = Debug|Any CPU
		{360608AF-2CF4-4F09-9BA7-F762CCA53853}.Debug|Any CPU.Build.0 = Debug|Any CPU
		{360608AF-2CF4-4F09-9BA7-F762CCA53853}.Debug|Any CPU.Deploy.0 = Debug|Any CPU
		{360608AF-2CF4-4F09-9BA7-F762CCA53853}.Release|Any CPU.ActiveCfg = Release|Any CPU
		{360608AF-2CF4-4F09-9BA7-F762CCA53853}.Release|Any CPU.Build.0 = Release|Any CPU
		{360608AF-2CF4-4F09-9BA7-F762CCA53853}.Release|Any CPU.Deploy.0 = Release|Any CPU
		{E953CB2A-C956-4435-B843-8EA3A331459B}.Debug|Any CPU.ActiveCfg = Debug|Any CPU
		{E953CB2A-C956-4435-B843-8EA3A331459B}.Debug|Any CPU.Build.0 = Debug|Any CPU
		{E953CB2A-C956-4435-B843-8EA3A331459B}.Debug|Any CPU.Deploy.0 = Debug|Any CPU
		{E953CB2A-C956-4435-B843-8EA3A331459B}.Release|Any CPU.ActiveCfg = Release|Any CPU
		{E953CB2A-C956-4435-B843-8EA3A331459B}.Release|Any CPU.Build.0 = Release|Any CPU
		{E953CB2A-C956-4435-B843-8EA3A331459B}.Release|Any CPU.Deploy.0 = Release|Any CPU
		{BBBE995E-F2D5-459D-B1A6-676182AA0169}.Debug|Any CPU.ActiveCfg = Debug|Any CPU
		{BBBE995E-F2D5-459D-B1A6-676182AA0169}.Debug|Any CPU.Build.0 = Debug|Any CPU
		{BBBE995E-F2D5-459D-B1A6-676182AA0169}.Release|Any CPU.ActiveCfg = Release|Any CPU
		{BBBE995E-F2D5-459D-B1A6-676182AA0169}.Release|Any CPU.Build.0 = Release|Any CPU
		{BFD79618-1FED-4274-9991-721BC5DE3B57}.Debug|Any CPU.ActiveCfg = Debug|Any CPU
		{BFD79618-1FED-4274-9991-721BC5DE3B57}.Debug|Any CPU.Build.0 = Debug|Any CPU
		{BFD79618-1FED-4274-9991-721BC5DE3B57}.Debug|Any CPU.Deploy.0 = Debug|Any CPU
		{BFD79618-1FED-4274-9991-721BC5DE3B57}.Release|Any CPU.ActiveCfg = Release|Any CPU
		{BFD79618-1FED-4274-9991-721BC5DE3B57}.Release|Any CPU.Build.0 = Release|Any CPU
		{BFD79618-1FED-4274-9991-721BC5DE3B57}.Release|Any CPU.Deploy.0 = Release|Any CPU
		{3B61E947-99E2-478F-A369-F70DD8834E47}.Debug|Any CPU.ActiveCfg = Debug|Any CPU
		{3B61E947-99E2-478F-A369-F70DD8834E47}.Debug|Any CPU.Build.0 = Debug|Any CPU
		{3B61E947-99E2-478F-A369-F70DD8834E47}.Release|Any CPU.ActiveCfg = Release|Any CPU
		{3B61E947-99E2-478F-A369-F70DD8834E47}.Release|Any CPU.Build.0 = Release|Any CPU
		{3925F82C-A39E-4459-B2D1-33E9F8039AAA}.Debug|Any CPU.ActiveCfg = Debug|Any CPU
		{3925F82C-A39E-4459-B2D1-33E9F8039AAA}.Debug|Any CPU.Build.0 = Debug|Any CPU
		{3925F82C-A39E-4459-B2D1-33E9F8039AAA}.Release|Any CPU.ActiveCfg = Release|Any CPU
		{3925F82C-A39E-4459-B2D1-33E9F8039AAA}.Release|Any CPU.Build.0 = Release|Any CPU
		{D2F78448-C20B-4578-8FBC-334209CE3B08}.Debug|Any CPU.ActiveCfg = Debug|Any CPU
		{D2F78448-C20B-4578-8FBC-334209CE3B08}.Debug|Any CPU.Build.0 = Debug|Any CPU
		{D2F78448-C20B-4578-8FBC-334209CE3B08}.Debug|Any CPU.Deploy.0 = Debug|Any CPU
		{D2F78448-C20B-4578-8FBC-334209CE3B08}.Release|Any CPU.ActiveCfg = Release|Any CPU
		{D2F78448-C20B-4578-8FBC-334209CE3B08}.Release|Any CPU.Build.0 = Release|Any CPU
		{D2F78448-C20B-4578-8FBC-334209CE3B08}.Release|Any CPU.Deploy.0 = Release|Any CPU
		{1D765A18-BBB0-474C-B79D-66436A24004C}.Debug|Any CPU.ActiveCfg = Debug|Any CPU
		{1D765A18-BBB0-474C-B79D-66436A24004C}.Debug|Any CPU.Build.0 = Debug|Any CPU
		{1D765A18-BBB0-474C-B79D-66436A24004C}.Debug|Any CPU.Deploy.0 = Debug|Any CPU
		{1D765A18-BBB0-474C-B79D-66436A24004C}.Release|Any CPU.ActiveCfg = Release|Any CPU
		{1D765A18-BBB0-474C-B79D-66436A24004C}.Release|Any CPU.Build.0 = Release|Any CPU
		{1D765A18-BBB0-474C-B79D-66436A24004C}.Release|Any CPU.Deploy.0 = Release|Any CPU
		{1A6F7709-F6E5-4911-9C69-437595EDF59D}.Debug|Any CPU.ActiveCfg = Debug|Any CPU
		{1A6F7709-F6E5-4911-9C69-437595EDF59D}.Debug|Any CPU.Build.0 = Debug|Any CPU
		{1A6F7709-F6E5-4911-9C69-437595EDF59D}.Debug|Any CPU.Deploy.0 = Debug|Any CPU
		{1A6F7709-F6E5-4911-9C69-437595EDF59D}.Release|Any CPU.ActiveCfg = Release|Any CPU
		{1A6F7709-F6E5-4911-9C69-437595EDF59D}.Release|Any CPU.Build.0 = Release|Any CPU
		{1A6F7709-F6E5-4911-9C69-437595EDF59D}.Release|Any CPU.Deploy.0 = Release|Any CPU
		{C971877B-B9F5-4FF7-9502-8CD2043588BE}.Debug|Any CPU.ActiveCfg = Debug|Any CPU
		{C971877B-B9F5-4FF7-9502-8CD2043588BE}.Debug|Any CPU.Build.0 = Debug|Any CPU
		{C971877B-B9F5-4FF7-9502-8CD2043588BE}.Debug|Any CPU.Deploy.0 = Debug|Any CPU
		{C971877B-B9F5-4FF7-9502-8CD2043588BE}.Release|Any CPU.ActiveCfg = Release|Any CPU
		{C971877B-B9F5-4FF7-9502-8CD2043588BE}.Release|Any CPU.Build.0 = Release|Any CPU
		{C971877B-B9F5-4FF7-9502-8CD2043588BE}.Release|Any CPU.Deploy.0 = Release|Any CPU
		{A32F7D32-E1D1-4CB6-A03D-EB935F93E49A}.Debug|Any CPU.ActiveCfg = Debug|Any CPU
		{A32F7D32-E1D1-4CB6-A03D-EB935F93E49A}.Debug|Any CPU.Build.0 = Debug|Any CPU
		{A32F7D32-E1D1-4CB6-A03D-EB935F93E49A}.Debug|Any CPU.Deploy.0 = Debug|Any CPU
		{A32F7D32-E1D1-4CB6-A03D-EB935F93E49A}.Release|Any CPU.ActiveCfg = Release|Any CPU
		{A32F7D32-E1D1-4CB6-A03D-EB935F93E49A}.Release|Any CPU.Build.0 = Release|Any CPU
		{A32F7D32-E1D1-4CB6-A03D-EB935F93E49A}.Release|Any CPU.Deploy.0 = Release|Any CPU
		{0165B7AC-34BA-4875-AD0B-CE67C803A057}.Debug|Any CPU.ActiveCfg = Debug|Any CPU
		{0165B7AC-34BA-4875-AD0B-CE67C803A057}.Debug|Any CPU.Build.0 = Debug|Any CPU
		{0165B7AC-34BA-4875-AD0B-CE67C803A057}.Debug|Any CPU.Deploy.0 = Debug|Any CPU
		{0165B7AC-34BA-4875-AD0B-CE67C803A057}.Release|Any CPU.ActiveCfg = Release|Any CPU
		{0165B7AC-34BA-4875-AD0B-CE67C803A057}.Release|Any CPU.Build.0 = Release|Any CPU
		{0165B7AC-34BA-4875-AD0B-CE67C803A057}.Release|Any CPU.Deploy.0 = Release|Any CPU
		{8851EF99-EA6F-4359-848E-B14EACCFDE22}.Debug|Any CPU.ActiveCfg = Debug|Any CPU
		{8851EF99-EA6F-4359-848E-B14EACCFDE22}.Debug|Any CPU.Build.0 = Debug|Any CPU
		{8851EF99-EA6F-4359-848E-B14EACCFDE22}.Debug|Any CPU.Deploy.0 = Debug|Any CPU
		{8851EF99-EA6F-4359-848E-B14EACCFDE22}.Release|Any CPU.ActiveCfg = Release|Any CPU
		{8851EF99-EA6F-4359-848E-B14EACCFDE22}.Release|Any CPU.Build.0 = Release|Any CPU
		{8851EF99-EA6F-4359-848E-B14EACCFDE22}.Release|Any CPU.Deploy.0 = Release|Any CPU
		{39E61C99-8C4C-4396-B559-55787B1A3523}.Debug|Any CPU.ActiveCfg = Debug|Any CPU
		{39E61C99-8C4C-4396-B559-55787B1A3523}.Debug|Any CPU.Build.0 = Debug|Any CPU
		{39E61C99-8C4C-4396-B559-55787B1A3523}.Debug|Any CPU.Deploy.0 = Debug|Any CPU
		{39E61C99-8C4C-4396-B559-55787B1A3523}.Release|Any CPU.ActiveCfg = Release|Any CPU
		{39E61C99-8C4C-4396-B559-55787B1A3523}.Release|Any CPU.Build.0 = Release|Any CPU
		{39E61C99-8C4C-4396-B559-55787B1A3523}.Release|Any CPU.Deploy.0 = Release|Any CPU
		{A2995BEA-A82B-4553-9604-FDEAF6E9D41C}.Debug|Any CPU.ActiveCfg = Debug|Any CPU
		{A2995BEA-A82B-4553-9604-FDEAF6E9D41C}.Debug|Any CPU.Build.0 = Debug|Any CPU
		{A2995BEA-A82B-4553-9604-FDEAF6E9D41C}.Debug|Any CPU.Deploy.0 = Debug|Any CPU
		{A2995BEA-A82B-4553-9604-FDEAF6E9D41C}.Release|Any CPU.ActiveCfg = Release|Any CPU
		{A2995BEA-A82B-4553-9604-FDEAF6E9D41C}.Release|Any CPU.Build.0 = Release|Any CPU
		{A2995BEA-A82B-4553-9604-FDEAF6E9D41C}.Release|Any CPU.Deploy.0 = Release|Any CPU
		{A64DF917-281A-4709-961B-09C90A78210B}.Debug|Any CPU.ActiveCfg = Debug|Any CPU
		{A64DF917-281A-4709-961B-09C90A78210B}.Debug|Any CPU.Build.0 = Debug|Any CPU
		{A64DF917-281A-4709-961B-09C90A78210B}.Debug|Any CPU.Deploy.0 = Debug|Any CPU
		{A64DF917-281A-4709-961B-09C90A78210B}.Release|Any CPU.ActiveCfg = Release|Any CPU
		{A64DF917-281A-4709-961B-09C90A78210B}.Release|Any CPU.Build.0 = Release|Any CPU
		{A64DF917-281A-4709-961B-09C90A78210B}.Release|Any CPU.Deploy.0 = Release|Any CPU
		{0CC46FD8-660C-41F6-B8B3-95F95F53FC91}.Debug|Any CPU.ActiveCfg = Debug|Any CPU
		{0CC46FD8-660C-41F6-B8B3-95F95F53FC91}.Debug|Any CPU.Build.0 = Debug|Any CPU
		{0CC46FD8-660C-41F6-B8B3-95F95F53FC91}.Debug|Any CPU.Deploy.0 = Debug|Any CPU
		{0CC46FD8-660C-41F6-B8B3-95F95F53FC91}.Release|Any CPU.ActiveCfg = Release|Any CPU
		{0CC46FD8-660C-41F6-B8B3-95F95F53FC91}.Release|Any CPU.Build.0 = Release|Any CPU
		{0CC46FD8-660C-41F6-B8B3-95F95F53FC91}.Release|Any CPU.Deploy.0 = Release|Any CPU
		{3704EB69-1378-4818-B9EE-D022DE714D17}.Debug|Any CPU.ActiveCfg = Debug|Any CPU
		{3704EB69-1378-4818-B9EE-D022DE714D17}.Debug|Any CPU.Build.0 = Debug|Any CPU
		{3704EB69-1378-4818-B9EE-D022DE714D17}.Debug|Any CPU.Deploy.0 = Debug|Any CPU
		{3704EB69-1378-4818-B9EE-D022DE714D17}.Release|Any CPU.ActiveCfg = Release|Any CPU
		{3704EB69-1378-4818-B9EE-D022DE714D17}.Release|Any CPU.Build.0 = Release|Any CPU
		{3704EB69-1378-4818-B9EE-D022DE714D17}.Release|Any CPU.Deploy.0 = Release|Any CPU
		{4C5D5FE6-1C40-4765-A32E-6DAA981E23C5}.Debug|Any CPU.ActiveCfg = Debug|Any CPU
		{4C5D5FE6-1C40-4765-A32E-6DAA981E23C5}.Debug|Any CPU.Build.0 = Debug|Any CPU
		{4C5D5FE6-1C40-4765-A32E-6DAA981E23C5}.Debug|Any CPU.Deploy.0 = Debug|Any CPU
		{4C5D5FE6-1C40-4765-A32E-6DAA981E23C5}.Release|Any CPU.ActiveCfg = Release|Any CPU
		{4C5D5FE6-1C40-4765-A32E-6DAA981E23C5}.Release|Any CPU.Build.0 = Release|Any CPU
		{4C5D5FE6-1C40-4765-A32E-6DAA981E23C5}.Release|Any CPU.Deploy.0 = Release|Any CPU
		{32181FAA-8C3F-4087-82F1-925F7695E2A0}.Debug|Any CPU.ActiveCfg = Debug|Any CPU
		{32181FAA-8C3F-4087-82F1-925F7695E2A0}.Debug|Any CPU.Build.0 = Debug|Any CPU
		{32181FAA-8C3F-4087-82F1-925F7695E2A0}.Debug|Any CPU.Deploy.0 = Debug|Any CPU
		{32181FAA-8C3F-4087-82F1-925F7695E2A0}.Release|Any CPU.ActiveCfg = Release|Any CPU
		{32181FAA-8C3F-4087-82F1-925F7695E2A0}.Release|Any CPU.Build.0 = Release|Any CPU
		{32181FAA-8C3F-4087-82F1-925F7695E2A0}.Release|Any CPU.Deploy.0 = Release|Any CPU
	EndGlobalSection
	GlobalSection(SolutionProperties) = preSolution
		HideSolutionNode = FALSE
	EndGlobalSection
	GlobalSection(NestedProjects) = preSolution
		{BFD79618-1FED-4274-9991-721BC5DE3B57} = {80D696EF-5198-49FB-810E-59FB097DECE7}
		{3B61E947-99E2-478F-A369-F70DD8834E47} = {80D696EF-5198-49FB-810E-59FB097DECE7}
		{4FC04C6C-B04A-4317-BD7A-6642DE344A35} = {80D696EF-5198-49FB-810E-59FB097DECE7}
		{3925F82C-A39E-4459-B2D1-33E9F8039AAA} = {4FC04C6C-B04A-4317-BD7A-6642DE344A35}
		{D2F78448-C20B-4578-8FBC-334209CE3B08} = {4FC04C6C-B04A-4317-BD7A-6642DE344A35}
	EndGlobalSection
EndGlobal
